// !$*UTF8*$!
{
	archiveVersion = 1;
	classes = {
	};
	objectVersion = 50;
	objects = {

/* Begin PBXBuildFile section */
		0FEB200326A98CB2003583D7 /* AppDelegate.swift in Sources */ = {isa = PBXBuildFile; fileRef = 0FEB200226A98CB2003583D7 /* AppDelegate.swift */; };
		0FEB200526A98CB2003583D7 /* SceneDelegate.swift in Sources */ = {isa = PBXBuildFile; fileRef = 0FEB200426A98CB2003583D7 /* SceneDelegate.swift */; };
		0FEB200726A98CB2003583D7 /* ViewController.swift in Sources */ = {isa = PBXBuildFile; fileRef = 0FEB200626A98CB2003583D7 /* ViewController.swift */; };
		0FEB200A26A98CB2003583D7 /* Main.storyboard in Resources */ = {isa = PBXBuildFile; fileRef = 0FEB200826A98CB2003583D7 /* Main.storyboard */; };
		0FEB200C26A98CBB003583D7 /* Assets.xcassets in Resources */ = {isa = PBXBuildFile; fileRef = 0FEB200B26A98CBB003583D7 /* Assets.xcassets */; };
		0FEB200F26A98CBB003583D7 /* LaunchScreen.storyboard in Resources */ = {isa = PBXBuildFile; fileRef = 0FEB200D26A98CBB003583D7 /* LaunchScreen.storyboard */; };
		0FEB201726A99ADD003583D7 /* ImageCollectionViewCell.swift in Sources */ = {isa = PBXBuildFile; fileRef = 0FEB201626A99ADD003583D7 /* ImageCollectionViewCell.swift */; };
/* End PBXBuildFile section */

/* Begin PBXFileReference section */
		0FEB1FFF26A98CB2003583D7 /* Photo Search.app */ = {isa = PBXFileReference; explicitFileType = wrapper.application; includeInIndex = 0; path = "Photo Search.app"; sourceTree = BUILT_PRODUCTS_DIR; };
		0FEB200226A98CB2003583D7 /* AppDelegate.swift */ = {isa = PBXFileReference; lastKnownFileType = sourcecode.swift; path = AppDelegate.swift; sourceTree = "<group>"; };
		0FEB200426A98CB2003583D7 /* SceneDelegate.swift */ = {isa = PBXFileReference; lastKnownFileType = sourcecode.swift; path = SceneDelegate.swift; sourceTree = "<group>"; };
		0FEB200626A98CB2003583D7 /* ViewController.swift */ = {isa = PBXFileReference; lastKnownFileType = sourcecode.swift; path = ViewController.swift; sourceTree = "<group>"; };
		0FEB200926A98CB2003583D7 /* Base */ = {isa = PBXFileReference; lastKnownFileType = file.storyboard; name = Base; path = Base.lproj/Main.storyboard; sourceTree = "<group>"; };
		0FEB200B26A98CBB003583D7 /* Assets.xcassets */ = {isa = PBXFileReference; lastKnownFileType = folder.assetcatalog; path = Assets.xcassets; sourceTree = "<group>"; };
		0FEB200E26A98CBB003583D7 /* Base */ = {isa = PBXFileReference; lastKnownFileType = file.storyboard; name = Base; path = Base.lproj/LaunchScreen.storyboard; sourceTree = "<group>"; };
		0FEB201026A98CBB003583D7 /* Info.plist */ = {isa = PBXFileReference; lastKnownFileType = text.plist.xml; path = Info.plist; sourceTree = "<group>"; };
		0FEB201626A99ADD003583D7 /* ImageCollectionViewCell.swift */ = {isa = PBXFileReference; lastKnownFileType = sourcecode.swift; path = ImageCollectionViewCell.swift; sourceTree = "<group>"; };
/* End PBXFileReference section */

/* Begin PBXFrameworksBuildPhase section */
		0FEB1FFC26A98CB2003583D7 /* Frameworks */ = {
			isa = PBXFrameworksBuildPhase;
			buildActionMask = 2147483647;
			files = (
			);
			runOnlyForDeploymentPostprocessing = 0;
		};
/* End PBXFrameworksBuildPhase section */

/* Begin PBXGroup section */
		0FEB1FF626A98CB2003583D7 = {
			isa = PBXGroup;
			children = (
				0FEB200126A98CB2003583D7 /* Photo Search */,
				0FEB200026A98CB2003583D7 /* Products */,
			);
			sourceTree = "<group>";
		};
		0FEB200026A98CB2003583D7 /* Products */ = {
			isa = PBXGroup;
			children = (
				0FEB1FFF26A98CB2003583D7 /* Photo Search.app */,
			);
			name = Products;
			sourceTree = "<group>";
		};
		0FEB200126A98CB2003583D7 /* Photo Search */ = {
			isa = PBXGroup;
			children = (
				0FEB200226A98CB2003583D7 /* AppDelegate.swift */,
				0FEB200426A98CB2003583D7 /* SceneDelegate.swift */,
				0FEB200626A98CB2003583D7 /* ViewController.swift */,
				0FEB201626A99ADD003583D7 /* ImageCollectionViewCell.swift */,
				0FEB200826A98CB2003583D7 /* Main.storyboard */,
				0FEB200B26A98CBB003583D7 /* Assets.xcassets */,
				0FEB200D26A98CBB003583D7 /* LaunchScreen.storyboard */,
				0FEB201026A98CBB003583D7 /* Info.plist */,
			);
			path = "Photo Search";
			sourceTree = "<group>";
		};
/* End PBXGroup section */

/* Begin PBXNativeTarget section */
		0FEB1FFE26A98CB2003583D7 /* Photo Search */ = {
			isa = PBXNativeTarget;
			buildConfigurationList = 0FEB201326A98CBB003583D7 /* Build configuration list for PBXNativeTarget "Photo Search" */;
			buildPhases = (
				0FEB1FFB26A98CB2003583D7 /* Sources */,
				0FEB1FFC26A98CB2003583D7 /* Frameworks */,
				0FEB1FFD26A98CB2003583D7 /* Resources */,
			);
			buildRules = (
			);
			dependencies = (
			);
			name = "Photo Search";
			productName = "Photo Search";
			productReference = 0FEB1FFF26A98CB2003583D7 /* Photo Search.app */;
			productType = "com.apple.product-type.application";
		};
/* End PBXNativeTarget section */

/* Begin PBXProject section */
		0FEB1FF726A98CB2003583D7 /* Project object */ = {
			isa = PBXProject;
			attributes = {
				LastSwiftUpdateCheck = 1250;
				LastUpgradeCheck = 1250;
				TargetAttributes = {
					0FEB1FFE26A98CB2003583D7 = {
						CreatedOnToolsVersion = 12.5.1;
					};
				};
			};
			buildConfigurationList = 0FEB1FFA26A98CB2003583D7 /* Build configuration list for PBXProject "Photo Search" */;
			compatibilityVersion = "Xcode 9.3";
			developmentRegion = en;
			hasScannedForEncodings = 0;
			knownRegions = (
				en,
				Base,
			);
			mainGroup = 0FEB1FF626A98CB2003583D7;
			productRefGroup = 0FEB200026A98CB2003583D7 /* Products */;
			projectDirPath = "";
			projectRoot = "";
			targets = (
				0FEB1FFE26A98CB2003583D7 /* Photo Search */,
			);
		};
/* End PBXProject section */

/* Begin PBXResourcesBuildPhase section */
		0FEB1FFD26A98CB2003583D7 /* Resources */ = {
			isa = PBXResourcesBuildPhase;
			buildActionMask = 2147483647;
			files = (
				0FEB200F26A98CBB003583D7 /* LaunchScreen.storyboard in Resources */,
				0FEB200C26A98CBB003583D7 /* Assets.xcassets in Resources */,
				0FEB200A26A98CB2003583D7 /* Main.storyboard in Resources */,
			);
			runOnlyForDeploymentPostprocessing = 0;
		};
/* End PBXResourcesBuildPhase section */

/* Begin PBXSourcesBuildPhase section */
		0FEB1FFB26A98CB2003583D7 /* Sources */ = {
			isa = PBXSourcesBuildPhase;
			buildActionMask = 2147483647;
			files = (
				0FEB200726A98CB2003583D7 /* ViewController.swift in Sources */,
				0FEB200326A98CB2003583D7 /* AppDelegate.swift in Sources */,
				0FEB201726A99ADD003583D7 /* ImageCollectionViewCell.swift in Sources */,
				0FEB200526A98CB2003583D7 /* SceneDelegate.swift in Sources */,
			);
			runOnlyForDeploymentPostprocessing = 0;
		};
/* End PBXSourcesBuildPhase section */

/* Begin PBXVariantGroup section */
		0FEB200826A98CB2003583D7 /* Main.storyboard */ = {
			isa = PBXVariantGroup;
			children = (
				0FEB200926A98CB2003583D7 /* Base */,
			);
			name = Main.storyboard;
			sourceTree = "<group>";
		};
		0FEB200D26A98CBB003583D7 /* LaunchScreen.storyboard */ = {
			isa = PBXVariantGroup;
			children = (
				0FEB200E26A98CBB003583D7 /* Base */,
			);
			name = LaunchScreen.storyboard;
			sourceTree = "<group>";
		};
/* End PBXVariantGroup section */

/* Begin XCBuildConfiguration section */
		0FEB201126A98CBB003583D7 /* Debug */ = {
			isa = XCBuildConfiguration;
			buildSettings = {
				ALWAYS_SEARCH_USER_PATHS = NO;
				CLANG_ANALYZER_NONNULL = YES;
				CLANG_ANALYZER_NUMBER_OBJECT_CONVERSION = YES_AGGRESSIVE;
				CLANG_CXX_LANGUAGE_STANDARD = "gnu++14";
				CLANG_CXX_LIBRARY = "libc++";
				CLANG_ENABLE_MODULES = YES;
				CLANG_ENABLE_OBJC_ARC = YES;
				CLANG_ENABLE_OBJC_WEAK = YES;
				CLANG_WARN_BLOCK_CAPTURE_AUTORELEASING = YES;
				CLANG_WARN_BOOL_CONVERSION = YES;
				CLANG_WARN_COMMA = YES;
				CLANG_WARN_CONSTANT_CONVERSION = YES;
				CLANG_WARN_DEPRECATED_OBJC_IMPLEMENTATIONS = YES;
				CLANG_WARN_DIRECT_OBJC_ISA_USAGE = YES_ERROR;
				CLANG_WARN_DOCUMENTATION_COMMENTS = YES;
				CLANG_WARN_EMPTY_BODY = YES;
				CLANG_WARN_ENUM_CONVERSION = YES;
				CLANG_WARN_INFINITE_RECURSION = YES;
				CLANG_WARN_INT_CONVERSION = YES;
				CLANG_WARN_NON_LITERAL_NULL_CONVERSION = YES;
				CLANG_WARN_OBJC_IMPLICIT_RETAIN_SELF = YES;
				CLANG_WARN_OBJC_LITERAL_CONVERSION = YES;
				CLANG_WARN_OBJC_ROOT_CLASS = YES_ERROR;
				CLANG_WARN_QUOTED_INCLUDE_IN_FRAMEWORK_HEADER = YES;
				CLANG_WARN_RANGE_LOOP_ANALYSIS = YES;
				CLANG_WARN_STRICT_PROTOTYPES = YES;
				CLANG_WARN_SUSPICIOUS_MOVE = YES;
				CLANG_WARN_UNGUARDED_AVAILABILITY = YES_AGGRESSIVE;
				CLANG_WARN_UNREACHABLE_CODE = YES;
				CLANG_WARN__DUPLICATE_METHOD_MATCH = YES;
				COPY_PHASE_STRIP = NO;
				DEBUG_INFORMATION_FORMAT = dwarf;
				ENABLE_STRICT_OBJC_MSGSEND = YES;
				ENABLE_TESTABILITY = YES;
				GCC_C_LANGUAGE_STANDARD = gnu11;
				GCC_DYNAMIC_NO_PIC = NO;
				GCC_NO_COMMON_BLOCKS = YES;
				GCC_OPTIMIZATION_LEVEL = 0;
				GCC_PREPROCESSOR_DEFINITIONS = (
					"DEBUG=1",
					"$(inherited)",
				);
				GCC_WARN_64_TO_32_BIT_CONVERSION = YES;
				GCC_WARN_ABOUT_RETURN_TYPE = YES_ERROR;
				GCC_WARN_UNDECLARED_SELECTOR = YES;
				GCC_WARN_UNINITIALIZED_AUTOS = YES_AGGRESSIVE;
				GCC_WARN_UNUSED_FUNCTION = YES;
				GCC_WARN_UNUSED_VARIABLE = YES;
				IPHONEOS_DEPLOYMENT_TARGET = 14.5;
				MTL_ENABLE_DEBUG_INFO = INCLUDE_SOURCE;
				MTL_FAST_MATH = YES;
				ONLY_ACTIVE_ARCH = YES;
				SDKROOT = iphoneos;
				SWIFT_ACTIVE_COMPILATION_CONDITIONS = DEBUG;
				SWIFT_OPTIMIZATION_LEVEL = "-Onone";
			};
			name = Debug;
		};
		0FEB201226A98CBB003583D7 /* Release */ = {
			isa = XCBuildConfiguration;
			buildSettings = {
				ALWAYS_SEARCH_USER_PATHS = NO;
				CLANG_ANALYZER_NONNULL = YES;
				CLANG_ANALYZER_NUMBER_OBJECT_CONVERSION = YES_AGGRESSIVE;
				CLANG_CXX_LANGUAGE_STANDARD = "gnu++14";
				CLANG_CXX_LIBRARY = "libc++";
				CLANG_ENABLE_MODULES = YES;
				CLANG_ENABLE_OBJC_ARC = YES;
				CLANG_ENABLE_OBJC_WEAK = YES;
				CLANG_WARN_BLOCK_CAPTURE_AUTORELEASING = YES;
				CLANG_WARN_BOOL_CONVERSION = YES;
				CLANG_WARN_COMMA = YES;
				CLANG_WARN_CONSTANT_CONVERSION = YES;
				CLANG_WARN_DEPRECATED_OBJC_IMPLEMENTATIONS = YES;
				CLANG_WARN_DIRECT_OBJC_ISA_USAGE = YES_ERROR;
				CLANG_WARN_DOCUMENTATION_COMMENTS = YES;
				CLANG_WARN_EMPTY_BODY = YES;
				CLANG_WARN_ENUM_CONVERSION = YES;
				CLANG_WARN_INFINITE_RECURSION = YES;
				CLANG_WARN_INT_CONVERSION = YES;
				CLANG_WARN_NON_LITERAL_NULL_CONVERSION = YES;
				CLANG_WARN_OBJC_IMPLICIT_RETAIN_SELF = YES;
				CLANG_WARN_OBJC_LITERAL_CONVERSION = YES;
				CLANG_WARN_OBJC_ROOT_CLASS = YES_ERROR;
				CLANG_WARN_QUOTED_INCLUDE_IN_FRAMEWORK_HEADER = YES;
				CLANG_WARN_RANGE_LOOP_ANALYSIS = YES;
				CLANG_WARN_STRICT_PROTOTYPES = YES;
				CLANG_WARN_SUSPICIOUS_MOVE = YES;
				CLANG_WARN_UNGUARDED_AVAILABILITY = YES_AGGRESSIVE;
				CLANG_WARN_UNREACHABLE_CODE = YES;
				CLANG_WARN__DUPLICATE_METHOD_MATCH = YES;
				COPY_PHASE_STRIP = NO;
				DEBUG_INFORMATION_FORMAT = "dwarf-with-dsym";
				ENABLE_NS_ASSERTIONS = NO;
				ENABLE_STRICT_OBJC_MSGSEND = YES;
				GCC_C_LANGUAGE_STANDARD = gnu11;
				GCC_NO_COMMON_BLOCKS = YES;
				GCC_WARN_64_TO_32_BIT_CONVERSION = YES;
				GCC_WARN_ABOUT_RETURN_TYPE = YES_ERROR;
				GCC_WARN_UNDECLARED_SELECTOR = YES;
				GCC_WARN_UNINITIALIZED_AUTOS = YES_AGGRESSIVE;
				GCC_WARN_UNUSED_FUNCTION = YES;
				GCC_WARN_UNUSED_VARIABLE = YES;
				IPHONEOS_DEPLOYMENT_TARGET = 14.5;
				MTL_ENABLE_DEBUG_INFO = NO;
				MTL_FAST_MATH = YES;
				SDKROOT = iphoneos;
				SWIFT_COMPILATION_MODE = wholemodule;
				SWIFT_OPTIMIZATION_LEVEL = "-O";
				VALIDATE_PRODUCT = YES;
			};
			name = Release;
		};
		0FEB201426A98CBB003583D7 /* Debug */ = {
			isa = XCBuildConfiguration;
			buildSettings = {
				ASSETCATALOG_COMPILER_APPICON_NAME = AppIcon;
				ASSETCATALOG_COMPILER_GLOBAL_ACCENT_COLOR_NAME = AccentColor;
				CODE_SIGN_STYLE = Automatic;
				DEVELOPMENT_TEAM = LJP56764LX;
				INFOPLIST_FILE = "Photo Search/Info.plist";
				LD_RUNPATH_SEARCH_PATHS = (
					"$(inherited)",
					"@executable_path/Frameworks",
				);
				PRODUCT_BUNDLE_IDENTIFIER = "br.com.lnp.Photo-Search";
				PRODUCT_NAME = "$(TARGET_NAME)";
				SWIFT_VERSION = 5.0;
				TARGETED_DEVICE_FAMILY = "1,2";
			};
			name = Debug;
		};
		0FEB201526A98CBB003583D7 /* Release */ = {
			isa = XCBuildConfiguration;
			buildSettings = {
				ASSETCATALOG_COMPILER_APPICON_NAME = AppIcon;
				ASSETCATALOG_COMPILER_GLOBAL_ACCENT_COLOR_NAME = AccentColor;
				CODE_SIGN_STYLE = Automatic;
				DEVELOPMENT_TEAM = LJP56764LX;
				INFOPLIST_FILE = "Photo Search/Info.plist";
				LD_RUNPATH_SEARCH_PATHS = (
					"$(inherited)",
					"@executable_path/Frameworks",
				);
				PRODUCT_BUNDLE_IDENTIFIER = "br.com.lnp.Photo-Search";
				PRODUCT_NAME = "$(TARGET_NAME)";
				SWIFT_VERSION = 5.0;
				TARGETED_DEVICE_FAMILY = "1,2";
			};
			name = Release;
		};
/* End XCBuildConfiguration section */

/* Begin XCConfigurationList section */
		0FEB1FFA26A98CB2003583D7 /* Build configuration list for PBXProject "Photo Search" */ = {
			isa = XCConfigurationList;
			buildConfigurations = (
				0FEB201126A98CBB003583D7 /* Debug */,
				0FEB201226A98CBB003583D7 /* Release */,
			);
			defaultConfigurationIsVisible = 0;
			defaultConfigurationName = Release;
		};
		0FEB201326A98CBB003583D7 /* Build configuration list for PBXNativeTarget "Photo Search" */ = {
			isa = XCConfigurationList;
			buildConfigurations = (
				0FEB201426A98CBB003583D7 /* Debug */,
				0FEB201526A98CBB003583D7 /* Release */,
			);
			defaultConfigurationIsVisible = 0;
			defaultConfigurationName = Release;
		};
/* End XCConfigurationList section */
	};
	rootObject = 0FEB1FF726A98CB2003583D7 /* Project object */;
}
